// !$*UTF8*$!
{
	archiveVersion = 1;
	classes = {
	};
	objectVersion = 50;
	objects = {

/* Begin PBXBuildFile section */
		681DCCA127C2743800E9F858 /* Shapes.swift in Sources */ = {isa = PBXBuildFile; fileRef = 681DCCA027C2743800E9F858 /* Shapes.swift */; };
		685952EC27447EFC00E048E7 /* ButtonViews.swift in Sources */ = {isa = PBXBuildFile; fileRef = 685952EB27447EFC00E048E7 /* ButtonViews.swift */; };
		686FF13F27C27D220028CDDC /* RoundViews.swift in Sources */ = {isa = PBXBuildFile; fileRef = 686FF13E27C27D220028CDDC /* RoundViews.swift */; };
		68B9A60626F49D3F00601AC4 /* Game.swift in Sources */ = {isa = PBXBuildFile; fileRef = 68B9A60526F49D3F00601AC4 /* Game.swift */; };
		68B9F4A5271AC39800DB10B5 /* TextViews.swift in Sources */ = {isa = PBXBuildFile; fileRef = 68B9F4A4271AC39800DB10B5 /* TextViews.swift */; };
		68C70C2226E9DFB40014C687 /* BullseyeApp.swift in Sources */ = {isa = PBXBuildFile; fileRef = 68C70C2126E9DFB40014C687 /* BullseyeApp.swift */; };
		68C70C2426E9DFB40014C687 /* ContentView.swift in Sources */ = {isa = PBXBuildFile; fileRef = 68C70C2326E9DFB40014C687 /* ContentView.swift */; };
		68C70C2626E9DFB70014C687 /* Assets.xcassets in Resources */ = {isa = PBXBuildFile; fileRef = 68C70C2526E9DFB70014C687 /* Assets.xcassets */; };
		68C70C2926E9DFB70014C687 /* Preview Assets.xcassets in Resources */ = {isa = PBXBuildFile; fileRef = 68C70C2826E9DFB70014C687 /* Preview Assets.xcassets */; };
		68C70C3426E9DFB70014C687 /* BullseyeTests.swift in Sources */ = {isa = PBXBuildFile; fileRef = 68C70C3326E9DFB70014C687 /* BullseyeTests.swift */; };
		68C70C3F26E9DFB70014C687 /* BullseyeUITests.swift in Sources */ = {isa = PBXBuildFile; fileRef = 68C70C3E26E9DFB70014C687 /* BullseyeUITests.swift */; };
/* End PBXBuildFile section */

/* Begin PBXContainerItemProxy section */
		68C70C3026E9DFB70014C687 /* PBXContainerItemProxy */ = {
			isa = PBXContainerItemProxy;
			containerPortal = 68C70C1626E9DFB40014C687 /* Project object */;
			proxyType = 1;
			remoteGlobalIDString = 68C70C1D26E9DFB40014C687;
			remoteInfo = Bullseye;
		};
		68C70C3B26E9DFB70014C687 /* PBXContainerItemProxy */ = {
			isa = PBXContainerItemProxy;
			containerPortal = 68C70C1626E9DFB40014C687 /* Project object */;
			proxyType = 1;
			remoteGlobalIDString = 68C70C1D26E9DFB40014C687;
			remoteInfo = Bullseye;
		};
/* End PBXContainerItemProxy section */

/* Begin PBXFileReference section */
		681DCCA027C2743800E9F858 /* Shapes.swift */ = {isa = PBXFileReference; lastKnownFileType = sourcecode.swift; path = Shapes.swift; sourceTree = "<group>"; };
		685952EB27447EFC00E048E7 /* ButtonViews.swift */ = {isa = PBXFileReference; lastKnownFileType = sourcecode.swift; path = ButtonViews.swift; sourceTree = "<group>"; };
		686FF13E27C27D220028CDDC /* RoundViews.swift */ = {isa = PBXFileReference; lastKnownFileType = sourcecode.swift; path = RoundViews.swift; sourceTree = "<group>"; };
		68B9A60526F49D3F00601AC4 /* Game.swift */ = {isa = PBXFileReference; lastKnownFileType = sourcecode.swift; path = Game.swift; sourceTree = "<group>"; };
		68B9F4A4271AC39800DB10B5 /* TextViews.swift */ = {isa = PBXFileReference; lastKnownFileType = sourcecode.swift; path = TextViews.swift; sourceTree = "<group>"; };
		68C70C1E26E9DFB40014C687 /* Bullseye.app */ = {isa = PBXFileReference; explicitFileType = wrapper.application; includeInIndex = 0; path = Bullseye.app; sourceTree = BUILT_PRODUCTS_DIR; };
		68C70C2126E9DFB40014C687 /* BullseyeApp.swift */ = {isa = PBXFileReference; lastKnownFileType = sourcecode.swift; path = BullseyeApp.swift; sourceTree = "<group>"; };
		68C70C2326E9DFB40014C687 /* ContentView.swift */ = {isa = PBXFileReference; lastKnownFileType = sourcecode.swift; path = ContentView.swift; sourceTree = "<group>"; };
		68C70C2526E9DFB70014C687 /* Assets.xcassets */ = {isa = PBXFileReference; lastKnownFileType = folder.assetcatalog; path = Assets.xcassets; sourceTree = "<group>"; };
		68C70C2826E9DFB70014C687 /* Preview Assets.xcassets */ = {isa = PBXFileReference; lastKnownFileType = folder.assetcatalog; path = "Preview Assets.xcassets"; sourceTree = "<group>"; };
		68C70C2A26E9DFB70014C687 /* Info.plist */ = {isa = PBXFileReference; lastKnownFileType = text.plist.xml; path = Info.plist; sourceTree = "<group>"; };
		68C70C2F26E9DFB70014C687 /* BullseyeTests.xctest */ = {isa = PBXFileReference; explicitFileType = wrapper.cfbundle; includeInIndex = 0; path = BullseyeTests.xctest; sourceTree = BUILT_PRODUCTS_DIR; };
		68C70C3326E9DFB70014C687 /* BullseyeTests.swift */ = {isa = PBXFileReference; lastKnownFileType = sourcecode.swift; path = BullseyeTests.swift; sourceTree = "<group>"; };
		68C70C3526E9DFB70014C687 /* Info.plist */ = {isa = PBXFileReference; lastKnownFileType = text.plist.xml; path = Info.plist; sourceTree = "<group>"; };
		68C70C3A26E9DFB70014C687 /* BullseyeUITests.xctest */ = {isa = PBXFileReference; explicitFileType = wrapper.cfbundle; includeInIndex = 0; path = BullseyeUITests.xctest; sourceTree = BUILT_PRODUCTS_DIR; };
		68C70C3E26E9DFB70014C687 /* BullseyeUITests.swift */ = {isa = PBXFileReference; lastKnownFileType = sourcecode.swift; path = BullseyeUITests.swift; sourceTree = "<group>"; };
		68C70C4026E9DFB70014C687 /* Info.plist */ = {isa = PBXFileReference; lastKnownFileType = text.plist.xml; path = Info.plist; sourceTree = "<group>"; };
/* End PBXFileReference section */

/* Begin PBXFrameworksBuildPhase section */
		68C70C1B26E9DFB40014C687 /* Frameworks */ = {
			isa = PBXFrameworksBuildPhase;
			buildActionMask = 2147483647;
			files = (
			);
			runOnlyForDeploymentPostprocessing = 0;
		};
		68C70C2C26E9DFB70014C687 /* Frameworks */ = {
			isa = PBXFrameworksBuildPhase;
			buildActionMask = 2147483647;
			files = (
			);
			runOnlyForDeploymentPostprocessing = 0;
		};
		68C70C3726E9DFB70014C687 /* Frameworks */ = {
			isa = PBXFrameworksBuildPhase;
			buildActionMask = 2147483647;
			files = (
			);
			runOnlyForDeploymentPostprocessing = 0;
		};
/* End PBXFrameworksBuildPhase section */

/* Begin PBXGroup section */
		68B9A60226F49C6100601AC4 /* Models */ = {
			isa = PBXGroup;
			children = (
				68B9A60526F49D3F00601AC4 /* Game.swift */,
			);
			path = Models;
			sourceTree = "<group>";
		};
		68B9A60326F49C6800601AC4 /* Views */ = {
			isa = PBXGroup;
			children = (
				68C70C2326E9DFB40014C687 /* ContentView.swift */,
				68B9F4A4271AC39800DB10B5 /* TextViews.swift */,
				685952EB27447EFC00E048E7 /* ButtonViews.swift */,
				681DCCA027C2743800E9F858 /* Shapes.swift */,
				686FF13E27C27D220028CDDC /* RoundViews.swift */,
			);
			path = Views;
			sourceTree = "<group>";
		};
		68B9A60426F49C8900601AC4 /* App */ = {
			isa = PBXGroup;
			children = (
				68C70C2126E9DFB40014C687 /* BullseyeApp.swift */,
				68C70C2526E9DFB70014C687 /* Assets.xcassets */,
				68C70C2A26E9DFB70014C687 /* Info.plist */,
			);
			path = App;
			sourceTree = "<group>";
		};
		68C70C1526E9DFB40014C687 = {
			isa = PBXGroup;
			children = (
				68C70C2026E9DFB40014C687 /* Bullseye */,
				68C70C3226E9DFB70014C687 /* BullseyeTests */,
				68C70C3D26E9DFB70014C687 /* BullseyeUITests */,
				68C70C1F26E9DFB40014C687 /* Products */,
			);
			sourceTree = "<group>";
		};
		68C70C1F26E9DFB40014C687 /* Products */ = {
			isa = PBXGroup;
			children = (
				68C70C1E26E9DFB40014C687 /* Bullseye.app */,
				68C70C2F26E9DFB70014C687 /* BullseyeTests.xctest */,
				68C70C3A26E9DFB70014C687 /* BullseyeUITests.xctest */,
			);
			name = Products;
			sourceTree = "<group>";
		};
		68C70C2026E9DFB40014C687 /* Bullseye */ = {
			isa = PBXGroup;
			children = (
				68B9A60426F49C8900601AC4 /* App */,
				68B9A60326F49C6800601AC4 /* Views */,
				68B9A60226F49C6100601AC4 /* Models */,
				68C70C2726E9DFB70014C687 /* Preview Content */,
			);
			path = Bullseye;
			sourceTree = "<group>";
		};
		68C70C2726E9DFB70014C687 /* Preview Content */ = {
			isa = PBXGroup;
			children = (
				68C70C2826E9DFB70014C687 /* Preview Assets.xcassets */,
			);
			path = "Preview Content";
			sourceTree = "<group>";
		};
		68C70C3226E9DFB70014C687 /* BullseyeTests */ = {
			isa = PBXGroup;
			children = (
				68C70C3326E9DFB70014C687 /* BullseyeTests.swift */,
				68C70C3526E9DFB70014C687 /* Info.plist */,
			);
			path = BullseyeTests;
			sourceTree = "<group>";
		};
		68C70C3D26E9DFB70014C687 /* BullseyeUITests */ = {
			isa = PBXGroup;
			children = (
				68C70C3E26E9DFB70014C687 /* BullseyeUITests.swift */,
				68C70C4026E9DFB70014C687 /* Info.plist */,
			);
			path = BullseyeUITests;
			sourceTree = "<group>";
		};
/* End PBXGroup section */

/* Begin PBXNativeTarget section */
		68C70C1D26E9DFB40014C687 /* Bullseye */ = {
			isa = PBXNativeTarget;
			buildConfigurationList = 68C70C4326E9DFB70014C687 /* Build configuration list for PBXNativeTarget "Bullseye" */;
			buildPhases = (
				68C70C1A26E9DFB40014C687 /* Sources */,
				68C70C1B26E9DFB40014C687 /* Frameworks */,
				68C70C1C26E9DFB40014C687 /* Resources */,
			);
			buildRules = (
			);
			dependencies = (
			);
			name = Bullseye;
			productName = Bullseye;
			productReference = 68C70C1E26E9DFB40014C687 /* Bullseye.app */;
			productType = "com.apple.product-type.application";
		};
		68C70C2E26E9DFB70014C687 /* BullseyeTests */ = {
			isa = PBXNativeTarget;
			buildConfigurationList = 68C70C4626E9DFB70014C687 /* Build configuration list for PBXNativeTarget "BullseyeTests" */;
			buildPhases = (
				68C70C2B26E9DFB70014C687 /* Sources */,
				68C70C2C26E9DFB70014C687 /* Frameworks */,
				68C70C2D26E9DFB70014C687 /* Resources */,
			);
			buildRules = (
			);
			dependencies = (
				68C70C3126E9DFB70014C687 /* PBXTargetDependency */,
			);
			name = BullseyeTests;
			productName = BullseyeTests;
			productReference = 68C70C2F26E9DFB70014C687 /* BullseyeTests.xctest */;
			productType = "com.apple.product-type.bundle.unit-test";
		};
		68C70C3926E9DFB70014C687 /* BullseyeUITests */ = {
			isa = PBXNativeTarget;
			buildConfigurationList = 68C70C4926E9DFB70014C687 /* Build configuration list for PBXNativeTarget "BullseyeUITests" */;
			buildPhases = (
				68C70C3626E9DFB70014C687 /* Sources */,
				68C70C3726E9DFB70014C687 /* Frameworks */,
				68C70C3826E9DFB70014C687 /* Resources */,
			);
			buildRules = (
			);
			dependencies = (
				68C70C3C26E9DFB70014C687 /* PBXTargetDependency */,
			);
			name = BullseyeUITests;
			productName = BullseyeUITests;
			productReference = 68C70C3A26E9DFB70014C687 /* BullseyeUITests.xctest */;
			productType = "com.apple.product-type.bundle.ui-testing";
		};
/* End PBXNativeTarget section */

/* Begin PBXProject section */
		68C70C1626E9DFB40014C687 /* Project object */ = {
			isa = PBXProject;
			attributes = {
				LastSwiftUpdateCheck = 1250;
				LastUpgradeCheck = 1250;
				TargetAttributes = {
					68C70C1D26E9DFB40014C687 = {
						CreatedOnToolsVersion = 12.5.1;
					};
					68C70C2E26E9DFB70014C687 = {
						CreatedOnToolsVersion = 12.5.1;
						TestTargetID = 68C70C1D26E9DFB40014C687;
					};
					68C70C3926E9DFB70014C687 = {
						CreatedOnToolsVersion = 12.5.1;
						TestTargetID = 68C70C1D26E9DFB40014C687;
					};
				};
			};
			buildConfigurationList = 68C70C1926E9DFB40014C687 /* Build configuration list for PBXProject "Bullseye" */;
			compatibilityVersion = "Xcode 9.3";
			developmentRegion = en;
			hasScannedForEncodings = 0;
			knownRegions = (
				en,
				Base,
			);
			mainGroup = 68C70C1526E9DFB40014C687;
			productRefGroup = 68C70C1F26E9DFB40014C687 /* Products */;
			projectDirPath = "";
			projectRoot = "";
			targets = (
				68C70C1D26E9DFB40014C687 /* Bullseye */,
				68C70C2E26E9DFB70014C687 /* BullseyeTests */,
				68C70C3926E9DFB70014C687 /* BullseyeUITests */,
			);
		};
/* End PBXProject section */

/* Begin PBXResourcesBuildPhase section */
		68C70C1C26E9DFB40014C687 /* Resources */ = {
			isa = PBXResourcesBuildPhase;
			buildActionMask = 2147483647;
			files = (
				68C70C2926E9DFB70014C687 /* Preview Assets.xcassets in Resources */,
				68C70C2626E9DFB70014C687 /* Assets.xcassets in Resources */,
			);
			runOnlyForDeploymentPostprocessing = 0;
		};
		68C70C2D26E9DFB70014C687 /* Resources */ = {
			isa = PBXResourcesBuildPhase;
			buildActionMask = 2147483647;
			files = (
			);
			runOnlyForDeploymentPostprocessing = 0;
		};
		68C70C3826E9DFB70014C687 /* Resources */ = {
			isa = PBXResourcesBuildPhase;
			buildActionMask = 2147483647;
			files = (
			);
			runOnlyForDeploymentPostprocessing = 0;
		};
/* End PBXResourcesBuildPhase section */

/* Begin PBXSourcesBuildPhase section */
		68C70C1A26E9DFB40014C687 /* Sources */ = {
			isa = PBXSourcesBuildPhase;
			buildActionMask = 2147483647;
			files = (
				68C70C2426E9DFB40014C687 /* ContentView.swift in Sources */,
				68B9F4A5271AC39800DB10B5 /* TextViews.swift in Sources */,
				685952EC27447EFC00E048E7 /* ButtonViews.swift in Sources */,
				68B9A60626F49D3F00601AC4 /* Game.swift in Sources */,
				68C70C2226E9DFB40014C687 /* BullseyeApp.swift in Sources */,
				681DCCA127C2743800E9F858 /* Shapes.swift in Sources */,
				686FF13F27C27D220028CDDC /* RoundViews.swift in Sources */,
			);
			runOnlyForDeploymentPostprocessing = 0;
		};
		68C70C2B26E9DFB70014C687 /* Sources */ = {
			isa = PBXSourcesBuildPhase;
			buildActionMask = 2147483647;
			files = (
				68C70C3426E9DFB70014C687 /* BullseyeTests.swift in Sources */,
			);
			runOnlyForDeploymentPostprocessing = 0;
		};
		68C70C3626E9DFB70014C687 /* Sources */ = {
			isa = PBXSourcesBuildPhase;
			buildActionMask = 2147483647;
			files = (
				68C70C3F26E9DFB70014C687 /* BullseyeUITests.swift in Sources */,
			);
			runOnlyForDeploymentPostprocessing = 0;
		};
/* End PBXSourcesBuildPhase section */

/* Begin PBXTargetDependency section */
		68C70C3126E9DFB70014C687 /* PBXTargetDependency */ = {
			isa = PBXTargetDependency;
			target = 68C70C1D26E9DFB40014C687 /* Bullseye */;
			targetProxy = 68C70C3026E9DFB70014C687 /* PBXContainerItemProxy */;
		};
		68C70C3C26E9DFB70014C687 /* PBXTargetDependency */ = {
			isa = PBXTargetDependency;
			target = 68C70C1D26E9DFB40014C687 /* Bullseye */;
			targetProxy = 68C70C3B26E9DFB70014C687 /* PBXContainerItemProxy */;
		};
/* End PBXTargetDependency section */

/* Begin XCBuildConfiguration section */
		68C70C4126E9DFB70014C687 /* Debug */ = {
			isa = XCBuildConfiguration;
			buildSettings = {
				ALWAYS_SEARCH_USER_PATHS = NO;
				CLANG_ANALYZER_NONNULL = YES;
				CLANG_ANALYZER_NUMBER_OBJECT_CONVERSION = YES_AGGRESSIVE;
				CLANG_CXX_LANGUAGE_STANDARD = "gnu++14";
				CLANG_CXX_LIBRARY = "libc++";
				CLANG_ENABLE_MODULES = YES;
				CLANG_ENABLE_OBJC_ARC = YES;
				CLANG_ENABLE_OBJC_WEAK = YES;
				CLANG_WARN_BLOCK_CAPTURE_AUTORELEASING = YES;
				CLANG_WARN_BOOL_CONVERSION = YES;
				CLANG_WARN_COMMA = YES;
				CLANG_WARN_CONSTANT_CONVERSION = YES;
				CLANG_WARN_DEPRECATED_OBJC_IMPLEMENTATIONS = YES;
				CLANG_WARN_DIRECT_OBJC_ISA_USAGE = YES_ERROR;
				CLANG_WARN_DOCUMENTATION_COMMENTS = YES;
				CLANG_WARN_EMPTY_BODY = YES;
				CLANG_WARN_ENUM_CONVERSION = YES;
				CLANG_WARN_INFINITE_RECURSION = YES;
				CLANG_WARN_INT_CONVERSION = YES;
				CLANG_WARN_NON_LITERAL_NULL_CONVERSION = YES;
				CLANG_WARN_OBJC_IMPLICIT_RETAIN_SELF = YES;
				CLANG_WARN_OBJC_LITERAL_CONVERSION = YES;
				CLANG_WARN_OBJC_ROOT_CLASS = YES_ERROR;
				CLANG_WARN_QUOTED_INCLUDE_IN_FRAMEWORK_HEADER = YES;
				CLANG_WARN_RANGE_LOOP_ANALYSIS = YES;
				CLANG_WARN_STRICT_PROTOTYPES = YES;
				CLANG_WARN_SUSPICIOUS_MOVE = YES;
				CLANG_WARN_UNGUARDED_AVAILABILITY = YES_AGGRESSIVE;
				CLANG_WARN_UNREACHABLE_CODE = YES;
				CLANG_WARN__DUPLICATE_METHOD_MATCH = YES;
				COPY_PHASE_STRIP = NO;
				DEBUG_INFORMATION_FORMAT = dwarf;
				ENABLE_STRICT_OBJC_MSGSEND = YES;
				ENABLE_TESTABILITY = YES;
				GCC_C_LANGUAGE_STANDARD = gnu11;
				GCC_DYNAMIC_NO_PIC = NO;
				GCC_NO_COMMON_BLOCKS = YES;
				GCC_OPTIMIZATION_LEVEL = 0;
				GCC_PREPROCESSOR_DEFINITIONS = (
					"DEBUG=1",
					"$(inherited)",
				);
				GCC_WARN_64_TO_32_BIT_CONVERSION = YES;
				GCC_WARN_ABOUT_RETURN_TYPE = YES_ERROR;
				GCC_WARN_UNDECLARED_SELECTOR = YES;
				GCC_WARN_UNINITIALIZED_AUTOS = YES_AGGRESSIVE;
				GCC_WARN_UNUSED_FUNCTION = YES;
				GCC_WARN_UNUSED_VARIABLE = YES;
				IPHONEOS_DEPLOYMENT_TARGET = 14.5;
				MTL_ENABLE_DEBUG_INFO = INCLUDE_SOURCE;
				MTL_FAST_MATH = YES;
				ONLY_ACTIVE_ARCH = YES;
				SDKROOT = iphoneos;
				SWIFT_ACTIVE_COMPILATION_CONDITIONS = DEBUG;
				SWIFT_OPTIMIZATION_LEVEL = "-Onone";
			};
			name = Debug;
		};
		68C70C4226E9DFB70014C687 /* Release */ = {
			isa = XCBuildConfiguration;
			buildSettings = {
				ALWAYS_SEARCH_USER_PATHS = NO;
				CLANG_ANALYZER_NONNULL = YES;
				CLANG_ANALYZER_NUMBER_OBJECT_CONVERSION = YES_AGGRESSIVE;
				CLANG_CXX_LANGUAGE_STANDARD = "gnu++14";
				CLANG_CXX_LIBRARY = "libc++";
				CLANG_ENABLE_MODULES = YES;
				CLANG_ENABLE_OBJC_ARC = YES;
				CLANG_ENABLE_OBJC_WEAK = YES;
				CLANG_WARN_BLOCK_CAPTURE_AUTORELEASING = YES;
				CLANG_WARN_BOOL_CONVERSION = YES;
				CLANG_WARN_COMMA = YES;
				CLANG_WARN_CONSTANT_CONVERSION = YES;
				CLANG_WARN_DEPRECATED_OBJC_IMPLEMENTATIONS = YES;
				CLANG_WARN_DIRECT_OBJC_ISA_USAGE = YES_ERROR;
				CLANG_WARN_DOCUMENTATION_COMMENTS = YES;
				CLANG_WARN_EMPTY_BODY = YES;
				CLANG_WARN_ENUM_CONVERSION = YES;
				CLANG_WARN_INFINITE_RECURSION = YES;
				CLANG_WARN_INT_CONVERSION = YES;
				CLANG_WARN_NON_LITERAL_NULL_CONVERSION = YES;
				CLANG_WARN_OBJC_IMPLICIT_RETAIN_SELF = YES;
				CLANG_WARN_OBJC_LITERAL_CONVERSION = YES;
				CLANG_WARN_OBJC_ROOT_CLASS = YES_ERROR;
				CLANG_WARN_QUOTED_INCLUDE_IN_FRAMEWORK_HEADER = YES;
				CLANG_WARN_RANGE_LOOP_ANALYSIS = YES;
				CLANG_WARN_STRICT_PROTOTYPES = YES;
				CLANG_WARN_SUSPICIOUS_MOVE = YES;
				CLANG_WARN_UNGUARDED_AVAILABILITY = YES_AGGRESSIVE;
				CLANG_WARN_UNREACHABLE_CODE = YES;
				CLANG_WARN__DUPLICATE_METHOD_MATCH = YES;
				COPY_PHASE_STRIP = NO;
				DEBUG_INFORMATION_FORMAT = "dwarf-with-dsym";
				ENABLE_NS_ASSERTIONS = NO;
				ENABLE_STRICT_OBJC_MSGSEND = YES;
				GCC_C_LANGUAGE_STANDARD = gnu11;
				GCC_NO_COMMON_BLOCKS = YES;
				GCC_WARN_64_TO_32_BIT_CONVERSION = YES;
				GCC_WARN_ABOUT_RETURN_TYPE = YES_ERROR;
				GCC_WARN_UNDECLARED_SELECTOR = YES;
				GCC_WARN_UNINITIALIZED_AUTOS = YES_AGGRESSIVE;
				GCC_WARN_UNUSED_FUNCTION = YES;
				GCC_WARN_UNUSED_VARIABLE = YES;
				IPHONEOS_DEPLOYMENT_TARGET = 14.5;
				MTL_ENABLE_DEBUG_INFO = NO;
				MTL_FAST_MATH = YES;
				SDKROOT = iphoneos;
				SWIFT_COMPILATION_MODE = wholemodule;
				SWIFT_OPTIMIZATION_LEVEL = "-O";
				VALIDATE_PRODUCT = YES;
			};
			name = Release;
		};
		68C70C4426E9DFB70014C687 /* Debug */ = {
			isa = XCBuildConfiguration;
			buildSettings = {
				ASSETCATALOG_COMPILER_APPICON_NAME = AppIcon;
				ASSETCATALOG_COMPILER_GLOBAL_ACCENT_COLOR_NAME = AccentColor;
				CODE_SIGN_STYLE = Automatic;
				DEVELOPMENT_ASSET_PATHS = "\"Bullseye/Preview Content\"";
				DEVELOPMENT_TEAM = X3KKUN5MU2;
				ENABLE_PREVIEWS = YES;
				INFOPLIST_FILE = Bullseye/App/Info.plist;
				IPHONEOS_DEPLOYMENT_TARGET = 14.0;
				LD_RUNPATH_SEARCH_PATHS = (
					"$(inherited)",
					"@executable_path/Frameworks",
				);
				PRODUCT_BUNDLE_IDENTIFIER = com.handnew.Bullseye;
				PRODUCT_NAME = "$(TARGET_NAME)";
				SWIFT_VERSION = 5.0;
				TARGETED_DEVICE_FAMILY = "1,2";
			};
			name = Debug;
		};
		68C70C4526E9DFB70014C687 /* Release */ = {
			isa = XCBuildConfiguration;
			buildSettings = {
				ASSETCATALOG_COMPILER_APPICON_NAME = AppIcon;
				ASSETCATALOG_COMPILER_GLOBAL_ACCENT_COLOR_NAME = AccentColor;
				CODE_SIGN_STYLE = Automatic;
				DEVELOPMENT_ASSET_PATHS = "\"Bullseye/Preview Content\"";
				DEVELOPMENT_TEAM = X3KKUN5MU2;
				ENABLE_PREVIEWS = YES;
				INFOPLIST_FILE = Bullseye/App/Info.plist;
				IPHONEOS_DEPLOYMENT_TARGET = 14.0;
				LD_RUNPATH_SEARCH_PATHS = (
					"$(inherited)",
					"@executable_path/Frameworks",
				);
				PRODUCT_BUNDLE_IDENTIFIER = com.handnew.Bullseye;
				PRODUCT_NAME = "$(TARGET_NAME)";
				SWIFT_VERSION = 5.0;
				TARGETED_DEVICE_FAMILY = "1,2";
			};
			name = Release;
		};
		68C70C4726E9DFB70014C687 /* Debug */ = {
			isa = XCBuildConfiguration;
			buildSettings = {
				ALWAYS_EMBED_SWIFT_STANDARD_LIBRARIES = YES;
				BUNDLE_LOADER = "$(TEST_HOST)";
				CODE_SIGN_STYLE = Automatic;
				DEVELOPMENT_TEAM = X3KKUN5MU2;
				INFOPLIST_FILE = BullseyeTests/Info.plist;
				IPHONEOS_DEPLOYMENT_TARGET = 14.0;
				LD_RUNPATH_SEARCH_PATHS = (
					"$(inherited)",
					"@executable_path/Frameworks",
					"@loader_path/Frameworks",
				);
				PRODUCT_BUNDLE_IDENTIFIER = com.handnew.BullseyeTests;
				PRODUCT_NAME = "$(TARGET_NAME)";
				SWIFT_VERSION = 5.0;
				TARGETED_DEVICE_FAMILY = "1,2";
				TEST_HOST = "$(BUILT_PRODUCTS_DIR)/Bullseye.app/Bullseye";
			};
			name = Debug;
		};
		68C70C4826E9DFB70014C687 /* Release */ = {
			isa = XCBuildConfiguration;
			buildSettings = {
				ALWAYS_EMBED_SWIFT_STANDARD_LIBRARIES = YES;
				BUNDLE_LOADER = "$(TEST_HOST)";
				CODE_SIGN_STYLE = Automatic;
				DEVELOPMENT_TEAM = X3KKUN5MU2;
				INFOPLIST_FILE = BullseyeTests/Info.plist;
				IPHONEOS_DEPLOYMENT_TARGET = 14.0;
				LD_RUNPATH_SEARCH_PATHS = (
					"$(inherited)",
					"@executable_path/Frameworks",
					"@loader_path/Frameworks",
				);
				PRODUCT_BUNDLE_IDENTIFIER = com.handnew.BullseyeTests;
				PRODUCT_NAME = "$(TARGET_NAME)";
				SWIFT_VERSION = 5.0;
				TARGETED_DEVICE_FAMILY = "1,2";
				TEST_HOST = "$(BUILT_PRODUCTS_DIR)/Bullseye.app/Bullseye";
			};
			name = Release;
		};
		68C70C4A26E9DFB70014C687 /* Debug */ = {
			isa = XCBuildConfiguration;
			buildSettings = {
				ALWAYS_EMBED_SWIFT_STANDARD_LIBRARIES = YES;
				CODE_SIGN_STYLE = Automatic;
				DEVELOPMENT_TEAM = X3KKUN5MU2;
				INFOPLIST_FILE = BullseyeUITests/Info.plist;
				LD_RUNPATH_SEARCH_PATHS = (
					"$(inherited)",
					"@executable_path/Frameworks",
					"@loader_path/Frameworks",
				);
				PRODUCT_BUNDLE_IDENTIFIER = com.handnew.BullseyeUITests;
				PRODUCT_NAME = "$(TARGET_NAME)";
				SWIFT_VERSION = 5.0;
				TARGETED_DEVICE_FAMILY = "1,2";
				TEST_TARGET_NAME = Bullseye;
			};
			name = Debug;
		};
		68C70C4B26E9DFB70014C687 /* Release */ = {
			isa = XCBuildConfiguration;
			buildSettings = {
				ALWAYS_EMBED_SWIFT_STANDARD_LIBRARIES = YES;
				CODE_SIGN_STYLE = Automatic;
				DEVELOPMENT_TEAM = X3KKUN5MU2;
				INFOPLIST_FILE = BullseyeUITests/Info.plist;
				LD_RUNPATH_SEARCH_PATHS = (
					"$(inherited)",
					"@executable_path/Frameworks",
					"@loader_path/Frameworks",
				);
				PRODUCT_BUNDLE_IDENTIFIER = com.handnew.BullseyeUITests;
				PRODUCT_NAME = "$(TARGET_NAME)";
				SWIFT_VERSION = 5.0;
				TARGETED_DEVICE_FAMILY = "1,2";
				TEST_TARGET_NAME = Bullseye;
			};
			name = Release;
		};
/* End XCBuildConfiguration section */

/* Begin XCConfigurationList section */
		68C70C1926E9DFB40014C687 /* Build configuration list for PBXProject "Bullseye" */ = {
			isa = XCConfigurationList;
			buildConfigurations = (
				68C70C4126E9DFB70014C687 /* Debug */,
				68C70C4226E9DFB70014C687 /* Release */,
			);
			defaultConfigurationIsVisible = 0;
			defaultConfigurationName = Release;
		};
		68C70C4326E9DFB70014C687 /* Build configuration list for PBXNativeTarget "Bullseye" */ = {
			isa = XCConfigurationList;
			buildConfigurations = (
				68C70C4426E9DFB70014C687 /* Debug */,
				68C70C4526E9DFB70014C687 /* Release */,
			);
			defaultConfigurationIsVisible = 0;
			defaultConfigurationName = Release;
		};
		68C70C4626E9DFB70014C687 /* Build configuration list for PBXNativeTarget "BullseyeTests" */ = {
			isa = XCConfigurationList;
			buildConfigurations = (
				68C70C4726E9DFB70014C687 /* Debug */,
				68C70C4826E9DFB70014C687 /* Release */,
			);
			defaultConfigurationIsVisible = 0;
			defaultConfigurationName = Release;
		};
		68C70C4926E9DFB70014C687 /* Build configuration list for PBXNativeTarget "BullseyeUITests" */ = {
			isa = XCConfigurationList;
			buildConfigurations = (
				68C70C4A26E9DFB70014C687 /* Debug */,
				68C70C4B26E9DFB70014C687 /* Release */,
			);
			defaultConfigurationIsVisible = 0;
			defaultConfigurationName = Release;
		};
/* End XCConfigurationList section */
	};
	rootObject = 68C70C1626E9DFB40014C687 /* Project object */;
}
